uuid: b6705747-44c4-4a9a-9e00-ed52827fd085
langcode: en
status: true
dependencies:
  config:
    - migrate.migration.block_content_body_field
    - migrate.migration.d7_filter_format
  module:
    - block_content
id: d7_custom_block
migration_tags:
  - 'Drupal 7'
label: 'Custom blocks'
source:
  plugin: d7_block_custom
  constants:
    type: basic
  database_state_key: migrate_upgrade_7
process:
  id: bid
  type: constants/type
  info: info
  body/format:
    plugin: migration
    migration: d7_filter_format
    source: format
  body/value: body
destination:
  plugin: 'entity:block_content'
  no_stub: true
template: d7_custom_block
migration_dependencies:
  required:
    - d7_filter_format
    - block_content_body_field
